// !$*UTF8*$!
{
	archiveVersion = 1;
	classes = {
	};
	objectVersion = 46;
	objects = {

/* Begin PBXBuildFile section */
		AEA0026C1EADD6A2002F0BB9 /* NJKWebViewProgress.m in Sources */ = {isa = PBXBuildFile; fileRef = AEA002691EADD6A2002F0BB9 /* NJKWebViewProgress.m */; };
		AEA0026D1EADD6A2002F0BB9 /* NJKWebViewProgressView.m in Sources */ = {isa = PBXBuildFile; fileRef = AEA0026B1EADD6A2002F0BB9 /* NJKWebViewProgressView.m */; };
/* End PBXBuildFile section */

/* Begin PBXCopyFilesBuildPhase section */
		AEA0025A1EADD686002F0BB9 /* CopyFiles */ = {
			isa = PBXCopyFilesBuildPhase;
			buildActionMask = 2147483647;
			dstPath = "include/$(PRODUCT_NAME)";
			dstSubfolderSpec = 16;
			files = (
			);
			runOnlyForDeploymentPostprocessing = 0;
		};
/* End PBXCopyFilesBuildPhase section */

/* Begin PBXFileReference section */
		AEA0025C1EADD686002F0BB9 /* libNJKWebViewProgress.a */ = {isa = PBXFileReference; explicitFileType = archive.ar; includeInIndex = 0; path = libNJKWebViewProgress.a; sourceTree = BUILT_PRODUCTS_DIR; };
		AEA002681EADD6A2002F0BB9 /* NJKWebViewProgress.h */ = {isa = PBXFileReference; fileEncoding = 4; lastKnownFileType = sourcecode.c.h; path = NJKWebViewProgress.h; sourceTree = "<group>"; };
		AEA002691EADD6A2002F0BB9 /* NJKWebViewProgress.m */ = {isa = PBXFileReference; fileEncoding = 4; lastKnownFileType = sourcecode.c.objc; path = NJKWebViewProgress.m; sourceTree = "<group>"; };
		AEA0026A1EADD6A2002F0BB9 /* NJKWebViewProgressView.h */ = {isa = PBXFileReference; fileEncoding = 4; lastKnownFileType = sourcecode.c.h; path = NJKWebViewProgressView.h; sourceTree = "<group>"; };
		AEA0026B1EADD6A2002F0BB9 /* NJKWebViewProgressView.m */ = {isa = PBXFileReference; fileEncoding = 4; lastKnownFileType = sourcecode.c.objc; path = NJKWebViewProgressView.m; sourceTree = "<group>"; };
/* End PBXFileReference section */

/* Begin PBXFrameworksBuildPhase section */
		AEA002591EADD686002F0BB9 /* Frameworks */ = {
			isa = PBXFrameworksBuildPhase;
			buildActionMask = 2147483647;
			files = (
			);
			runOnlyForDeploymentPostprocessing = 0;
		};
/* End PBXFrameworksBuildPhase section */

/* Begin PBXGroup section */
		AEA002531EADD686002F0BB9 = {
			isa = PBXGroup;
			children = (
				AEA0025E1EADD686002F0BB9 /* NJKWebViewProgress */,
				AEA0025D1EADD686002F0BB9 /* Products */,
			);
			sourceTree = "<group>";
		};
		AEA0025D1EADD686002F0BB9 /* Products */ = {
			isa = PBXGroup;
			children = (
				AEA0025C1EADD686002F0BB9 /* libNJKWebViewProgress.a */,
			);
			name = Products;
			sourceTree = "<group>";
		};
		AEA0025E1EADD686002F0BB9 /* NJKWebViewProgress */ = {
			isa = PBXGroup;
			children = (
				AEA002681EADD6A2002F0BB9 /* NJKWebViewProgress.h */,
				AEA002691EADD6A2002F0BB9 /* NJKWebViewProgress.m */,
				AEA0026A1EADD6A2002F0BB9 /* NJKWebViewProgressView.h */,
				AEA0026B1EADD6A2002F0BB9 /* NJKWebViewProgressView.m */,
			);
			path = NJKWebViewProgress;
			sourceTree = "<group>";
		};
/* End PBXGroup section */

/* Begin PBXNativeTarget section */
		AEA0025B1EADD686002F0BB9 /* NJKWebViewProgress */ = {
			isa = PBXNativeTarget;
			buildConfigurationList = AEA002651EADD686002F0BB9 /* Build configuration list for PBXNativeTarget "NJKWebViewProgress" */;
			buildPhases = (
				AEA002581EADD686002F0BB9 /* Sources */,
				AEA002591EADD686002F0BB9 /* Frameworks */,
				AEA0025A1EADD686002F0BB9 /* CopyFiles */,
			);
			buildRules = (
			);
			dependencies = (
			);
			name = NJKWebViewProgress;
			productName = NJKWebViewProgress;
			productReference = AEA0025C1EADD686002F0BB9 /* libNJKWebViewProgress.a */;
			productType = "com.apple.product-type.library.static";
		};
/* End PBXNativeTarget section */

/* Begin PBXProject section */
		AEA002541EADD686002F0BB9 /* Project object */ = {
			isa = PBXProject;
			attributes = {
				LastUpgradeCheck = 0820;
				ORGANIZATIONNAME = XiaoYiPeng;
				TargetAttributes = {
					AEA0025B1EADD686002F0BB9 = {
						CreatedOnToolsVersion = 8.2.1;
						DevelopmentTeam = 3F97CAK27B;
						ProvisioningStyle = Automatic;
					};
				};
			};
			buildConfigurationList = AEA002571EADD686002F0BB9 /* Build configuration list for PBXProject "NJKWebViewProgress" */;
			compatibilityVersion = "Xcode 3.2";
			developmentRegion = English;
			hasScannedForEncodings = 0;
			knownRegions = (
				en,
			);
			mainGroup = AEA002531EADD686002F0BB9;
			productRefGroup = AEA0025D1EADD686002F0BB9 /* Products */;
			projectDirPath = "";
			projectRoot = "";
			targets = (
				AEA0025B1EADD686002F0BB9 /* NJKWebViewProgress */,
			);
		};
/* End PBXProject section */

/* Begin PBXSourcesBuildPhase section */
		AEA002581EADD686002F0BB9 /* Sources */ = {
			isa = PBXSourcesBuildPhase;
			buildActionMask = 2147483647;
			files = (
				AEA0026C1EADD6A2002F0BB9 /* NJKWebViewProgress.m in Sources */,
				AEA0026D1EADD6A2002F0BB9 /* NJKWebViewProgressView.m in Sources */,
			);
			runOnlyForDeploymentPostprocessing = 0;
		};
/* End PBXSourcesBuildPhase section */

/* Begin XCBuildConfiguration section */
		AEA002631EADD686002F0BB9 /* Debug */ = {
			isa = XCBuildConfiguration;
			buildSettings = {
				ALWAYS_SEARCH_USER_PATHS = NO;
				CLANG_ANALYZER_NONNULL = YES;
				CLANG_CXX_LANGUAGE_STANDARD = "gnu++0x";
				CLANG_CXX_LIBRARY = "libc++";
				CLANG_ENABLE_MODULES = YES;
				CLANG_ENABLE_OBJC_ARC = YES;
				CLANG_WARN_BOOL_CONVERSION = YES;
				CLANG_WARN_CONSTANT_CONVERSION = YES;
				CLANG_WARN_DIRECT_OBJC_ISA_USAGE = YES_ERROR;
				CLANG_WARN_DOCUMENTATION_COMMENTS = YES;
				CLANG_WARN_EMPTY_BODY = YES;
				CLANG_WARN_ENUM_CONVERSION = YES;
				CLANG_WARN_INFINITE_RECURSION = YES;
				CLANG_WARN_INT_CONVERSION = YES;
				CLANG_WARN_OBJC_ROOT_CLASS = YES_ERROR;
				CLANG_WARN_SUSPICIOUS_MOVE = YES;
				CLANG_WARN_UNREACHABLE_CODE = YES;
				CLANG_WARN__DUPLICATE_METHOD_MATCH = YES;
				"CODE_SIGN_IDENTITY[sdk=iphoneos*]" = "iPhone Developer";
				COPY_PHASE_STRIP = NO;
				DEBUG_INFORMATION_FORMAT = dwarf;
				ENABLE_STRICT_OBJC_MSGSEND = YES;
				ENABLE_TESTABILITY = YES;
				GCC_C_LANGUAGE_STANDARD = gnu99;
				GCC_DYNAMIC_NO_PIC = NO;
				GCC_NO_COMMON_BLOCKS = YES;
				GCC_OPTIMIZATION_LEVEL = 0;
				GCC_PREPROCESSOR_DEFINITIONS = (
					"DEBUG=1",
					"$(inherited)",
				);
				GCC_WARN_64_TO_32_BIT_CONVERSION = YES;
				GCC_WARN_ABOUT_RETURN_TYPE = YES_ERROR;
				GCC_WARN_UNDECLARED_SELECTOR = YES;
				GCC_WARN_UNINITIALIZED_AUTOS = YES_AGGRESSIVE;
				GCC_WARN_UNUSED_FUNCTION = YES;
				GCC_WARN_UNUSED_VARIABLE = YES;
				IPHONEOS_DEPLOYMENT_TARGET = 10.2;
				MTL_ENABLE_DEBUG_INFO = YES;
				ONLY_ACTIVE_ARCH = YES;
				SDKROOT = iphoneos;
			};
			name = Debug;
		};
		AEA002641EADD686002F0BB9 /* Release */ = {
			isa = XCBuildConfiguration;
			buildSettings = {
				ALWAYS_SEARCH_USER_PATHS = NO;
				CLANG_ANALYZER_NONNULL = YES;
				CLANG_CXX_LANGUAGE_STANDARD = "gnu++0x";
				CLANG_CXX_LIBRARY = "libc++";
				CLANG_ENABLE_MODULES = YES;
				CLANG_ENABLE_OBJC_ARC = YES;
				CLANG_WARN_BOOL_CONVERSION = YES;
				CLANG_WARN_CONSTANT_CONVERSION = YES;
				CLANG_WARN_DIRECT_OBJC_ISA_USAGE = YES_ERROR;
				CLANG_WARN_DOCUMENTATION_COMMENTS = YES;
				CLANG_WARN_EMPTY_BODY = YES;
				CLANG_WARN_ENUM_CONVERSION = YES;
				CLANG_WARN_INFINITE_RECURSION = YES;
				CLANG_WARN_INT_CONVERSION = YES;
				CLANG_WARN_OBJC_ROOT_CLASS = YES_ERROR;
				CLANG_WARN_SUSPICIOUS_MOVE = YES;
				CLANG_WARN_UNREACHABLE_CODE = YES;
				CLANG_WARN__DUPLICATE_METHOD_MATCH = YES;
				"CODE_SIGN_IDENTITY[sdk=iphoneos*]" = "iPhone Developer";
				COPY_PHASE_STRIP = NO;
				DEBUG_INFORMATION_FORMAT = "dwarf-with-dsym";
				ENABLE_NS_ASSERTIONS = NO;
				ENABLE_STRICT_OBJC_MSGSEND = YES;
				GCC_C_LANGUAGE_STANDARD = gnu99;
				GCC_NO_COMMON_BLOCKS = YES;
				GCC_WARN_64_TO_32_BIT_CONVERSION = YES;
				GCC_WARN_ABOUT_RETURN_TYPE = YES_ERROR;
				GCC_WARN_UNDECLARED_SELECTOR = YES;
				GCC_WARN_UNINITIALIZED_AUTOS = YES_AGGRESSIVE;
				GCC_WARN_UNUSED_FUNCTION = YES;
				GCC_WARN_UNUSED_VARIABLE = YES;
				IPHONEOS_DEPLOYMENT_TARGET = 10.2;
				MTL_ENABLE_DEBUG_INFO = NO;
				SDKROOT = iphoneos;
				VALIDATE_PRODUCT = YES;
			};
			name = Release;
		};
		AEA002661EADD686002F0BB9 /* Debug */ = {
			isa = XCBuildConfiguration;
			buildSettings = {
				DEVELOPMENT_TEAM = 3F97CAK27B;
				IPHONEOS_DEPLOYMENT_TARGET = 8.1;
				OTHER_LDFLAGS = "-ObjC";
				PRODUCT_NAME = "$(TARGET_NAME)";
				SKIP_INSTALL = YES;
			};
			name = Debug;
		};
		AEA002671EADD686002F0BB9 /* Release */ = {
			isa = XCBuildConfiguration;
			buildSettings = {
				DEVELOPMENT_TEAM = 3F97CAK27B;
				IPHONEOS_DEPLOYMENT_TARGET = 8.1;
				OTHER_LDFLAGS = "-ObjC";
				PRODUCT_NAME = "$(TARGET_NAME)";
				SKIP_INSTALL = YES;
			};
			name = Release;
		};
/* End XCBuildConfiguration section */

/* Begin XCConfigurationList section */
		AEA002571EADD686002F0BB9 /* Build configuration list for PBXProject "NJKWebViewProgress" */ = {
			isa = XCConfigurationList;
			buildConfigurations = (
				AEA002631EADD686002F0BB9 /* Debug */,
				AEA002641EADD686002F0BB9 /* Release */,
			);
			defaultConfigurationIsVisible = 0;
			defaultConfigurationName = Release;
		};
		AEA002651EADD686002F0BB9 /* Build configuration list for PBXNativeTarget "NJKWebViewProgress" */ = {
			isa = XCConfigurationList;
			buildConfigurations = (
				AEA002661EADD686002F0BB9 /* Debug */,
				AEA002671EADD686002F0BB9 /* Release */,
			);
			defaultConfigurationIsVisible = 0;
			defaultConfigurationName = Release;
		};
/* End XCConfigurationList section */
	};
	rootObject = AEA002541EADD686002F0BB9 /* Project object */;
}
