// !$*UTF8*$!
{
	archiveVersion = 1;
	classes = {
	};
	objectVersion = 46;
	objects = {

/* Begin PBXBuildFile section */
		AEFB3AAC1F03AE0500852CB0 /* MJRefreshBaseView.m in Sources */ = {isa = PBXBuildFile; fileRef = AEFB3AA51F03AE0500852CB0 /* MJRefreshBaseView.m */; };
		AEFB3AAD1F03AE0500852CB0 /* MJRefreshConst.m in Sources */ = {isa = PBXBuildFile; fileRef = AEFB3AA71F03AE0500852CB0 /* MJRefreshConst.m */; };
		AEFB3AAE1F03AE0500852CB0 /* MJRefreshFooterView.m in Sources */ = {isa = PBXBuildFile; fileRef = AEFB3AA91F03AE0500852CB0 /* MJRefreshFooterView.m */; };
		AEFB3AAF1F03AE0500852CB0 /* MJRefreshHeaderView.m in Sources */ = {isa = PBXBuildFile; fileRef = AEFB3AAB1F03AE0500852CB0 /* MJRefreshHeaderView.m */; };
/* End PBXBuildFile section */

/* Begin PBXCopyFilesBuildPhase section */
		AE6313811E602AEE0072981B /* CopyFiles */ = {
			isa = PBXCopyFilesBuildPhase;
			buildActionMask = 2147483647;
			dstPath = "include/$(PRODUCT_NAME)";
			dstSubfolderSpec = 16;
			files = (
			);
			runOnlyForDeploymentPostprocessing = 0;
		};
/* End PBXCopyFilesBuildPhase section */

/* Begin PBXFileReference section */
		AE6313831E602AEE0072981B /* libMJRefreshLib.a */ = {isa = PBXFileReference; explicitFileType = archive.ar; includeInIndex = 0; path = libMJRefreshLib.a; sourceTree = BUILT_PRODUCTS_DIR; };
		AEFB3AA21F03AE0500852CB0 /* MJRefresh.bundle */ = {isa = PBXFileReference; lastKnownFileType = "wrapper.plug-in"; path = MJRefresh.bundle; sourceTree = "<group>"; };
		AEFB3AA31F03AE0500852CB0 /* MJRefresh.h */ = {isa = PBXFileReference; fileEncoding = 4; lastKnownFileType = sourcecode.c.h; path = MJRefresh.h; sourceTree = "<group>"; };
		AEFB3AA41F03AE0500852CB0 /* MJRefreshBaseView.h */ = {isa = PBXFileReference; fileEncoding = 4; lastKnownFileType = sourcecode.c.h; path = MJRefreshBaseView.h; sourceTree = "<group>"; };
		AEFB3AA51F03AE0500852CB0 /* MJRefreshBaseView.m */ = {isa = PBXFileReference; fileEncoding = 4; lastKnownFileType = sourcecode.c.objc; path = MJRefreshBaseView.m; sourceTree = "<group>"; };
		AEFB3AA61F03AE0500852CB0 /* MJRefreshConst.h */ = {isa = PBXFileReference; fileEncoding = 4; lastKnownFileType = sourcecode.c.h; path = MJRefreshConst.h; sourceTree = "<group>"; };
		AEFB3AA71F03AE0500852CB0 /* MJRefreshConst.m */ = {isa = PBXFileReference; fileEncoding = 4; lastKnownFileType = sourcecode.c.objc; path = MJRefreshConst.m; sourceTree = "<group>"; };
		AEFB3AA81F03AE0500852CB0 /* MJRefreshFooterView.h */ = {isa = PBXFileReference; fileEncoding = 4; lastKnownFileType = sourcecode.c.h; path = MJRefreshFooterView.h; sourceTree = "<group>"; };
		AEFB3AA91F03AE0500852CB0 /* MJRefreshFooterView.m */ = {isa = PBXFileReference; fileEncoding = 4; lastKnownFileType = sourcecode.c.objc; path = MJRefreshFooterView.m; sourceTree = "<group>"; };
		AEFB3AAA1F03AE0500852CB0 /* MJRefreshHeaderView.h */ = {isa = PBXFileReference; fileEncoding = 4; lastKnownFileType = sourcecode.c.h; path = MJRefreshHeaderView.h; sourceTree = "<group>"; };
		AEFB3AAB1F03AE0500852CB0 /* MJRefreshHeaderView.m */ = {isa = PBXFileReference; fileEncoding = 4; lastKnownFileType = sourcecode.c.objc; path = MJRefreshHeaderView.m; sourceTree = "<group>"; };
/* End PBXFileReference section */

/* Begin PBXFrameworksBuildPhase section */
		AE6313801E602AEE0072981B /* Frameworks */ = {
			isa = PBXFrameworksBuildPhase;
			buildActionMask = 2147483647;
			files = (
			);
			runOnlyForDeploymentPostprocessing = 0;
		};
/* End PBXFrameworksBuildPhase section */

/* Begin PBXGroup section */
		AE63137A1E602AEE0072981B = {
			isa = PBXGroup;
			children = (
				AEFB3AA11F03AE0500852CB0 /* MJRefreshLib */,
				AE6313841E602AEE0072981B /* Products */,
			);
			sourceTree = "<group>";
		};
		AE6313841E602AEE0072981B /* Products */ = {
			isa = PBXGroup;
			children = (
				AE6313831E602AEE0072981B /* libMJRefreshLib.a */,
			);
			name = Products;
			sourceTree = "<group>";
		};
		AEFB3AA11F03AE0500852CB0 /* MJRefreshLib */ = {
			isa = PBXGroup;
			children = (
				AEFB3AA21F03AE0500852CB0 /* MJRefresh.bundle */,
				AEFB3AA31F03AE0500852CB0 /* MJRefresh.h */,
				AEFB3AA41F03AE0500852CB0 /* MJRefreshBaseView.h */,
				AEFB3AA51F03AE0500852CB0 /* MJRefreshBaseView.m */,
				AEFB3AA61F03AE0500852CB0 /* MJRefreshConst.h */,
				AEFB3AA71F03AE0500852CB0 /* MJRefreshConst.m */,
				AEFB3AA81F03AE0500852CB0 /* MJRefreshFooterView.h */,
				AEFB3AA91F03AE0500852CB0 /* MJRefreshFooterView.m */,
				AEFB3AAA1F03AE0500852CB0 /* MJRefreshHeaderView.h */,
				AEFB3AAB1F03AE0500852CB0 /* MJRefreshHeaderView.m */,
			);
			path = MJRefreshLib;
			sourceTree = "<group>";
		};
/* End PBXGroup section */

/* Begin PBXNativeTarget section */
		AE6313821E602AEE0072981B /* MJRefreshLib */ = {
			isa = PBXNativeTarget;
			buildConfigurationList = AE63138C1E602AEE0072981B /* Build configuration list for PBXNativeTarget "MJRefreshLib" */;
			buildPhases = (
				AE63137F1E602AEE0072981B /* Sources */,
				AE6313801E602AEE0072981B /* Frameworks */,
				AE6313811E602AEE0072981B /* CopyFiles */,
			);
			buildRules = (
			);
			dependencies = (
			);
			name = MJRefreshLib;
			productName = MJRefreshLib;
			productReference = AE6313831E602AEE0072981B /* libMJRefreshLib.a */;
			productType = "com.apple.product-type.library.static";
		};
/* End PBXNativeTarget section */

/* Begin PBXProject section */
		AE63137B1E602AEE0072981B /* Project object */ = {
			isa = PBXProject;
			attributes = {
				LastUpgradeCheck = 0820;
				ORGANIZATIONNAME = XiaoYiPeng;
				TargetAttributes = {
					AE6313821E602AEE0072981B = {
						CreatedOnToolsVersion = 8.2.1;
						DevelopmentTeam = 3F97CAK27B;
						ProvisioningStyle = Automatic;
					};
				};
			};
			buildConfigurationList = AE63137E1E602AEE0072981B /* Build configuration list for PBXProject "MJRefreshLib" */;
			compatibilityVersion = "Xcode 3.2";
			developmentRegion = English;
			hasScannedForEncodings = 0;
			knownRegions = (
				en,
			);
			mainGroup = AE63137A1E602AEE0072981B;
			productRefGroup = AE6313841E602AEE0072981B /* Products */;
			projectDirPath = "";
			projectRoot = "";
			targets = (
				AE6313821E602AEE0072981B /* MJRefreshLib */,
			);
		};
/* End PBXProject section */

/* Begin PBXSourcesBuildPhase section */
		AE63137F1E602AEE0072981B /* Sources */ = {
			isa = PBXSourcesBuildPhase;
			buildActionMask = 2147483647;
			files = (
				AEFB3AAE1F03AE0500852CB0 /* MJRefreshFooterView.m in Sources */,
				AEFB3AAD1F03AE0500852CB0 /* MJRefreshConst.m in Sources */,
				AEFB3AAF1F03AE0500852CB0 /* MJRefreshHeaderView.m in Sources */,
				AEFB3AAC1F03AE0500852CB0 /* MJRefreshBaseView.m in Sources */,
			);
			runOnlyForDeploymentPostprocessing = 0;
		};
/* End PBXSourcesBuildPhase section */

/* Begin XCBuildConfiguration section */
		AE63138A1E602AEE0072981B /* Debug */ = {
			isa = XCBuildConfiguration;
			buildSettings = {
				ALWAYS_SEARCH_USER_PATHS = NO;
				CLANG_ANALYZER_NONNULL = YES;
				CLANG_CXX_LANGUAGE_STANDARD = "gnu++0x";
				CLANG_CXX_LIBRARY = "libc++";
				CLANG_ENABLE_MODULES = YES;
				CLANG_ENABLE_OBJC_ARC = YES;
				CLANG_WARN_BOOL_CONVERSION = YES;
				CLANG_WARN_CONSTANT_CONVERSION = YES;
				CLANG_WARN_DIRECT_OBJC_ISA_USAGE = YES_ERROR;
				CLANG_WARN_DOCUMENTATION_COMMENTS = YES;
				CLANG_WARN_EMPTY_BODY = YES;
				CLANG_WARN_ENUM_CONVERSION = YES;
				CLANG_WARN_INFINITE_RECURSION = YES;
				CLANG_WARN_INT_CONVERSION = YES;
				CLANG_WARN_OBJC_ROOT_CLASS = YES_ERROR;
				CLANG_WARN_SUSPICIOUS_MOVE = YES;
				CLANG_WARN_UNREACHABLE_CODE = YES;
				CLANG_WARN__DUPLICATE_METHOD_MATCH = YES;
				"CODE_SIGN_IDENTITY[sdk=iphoneos*]" = "iPhone Developer";
				COPY_PHASE_STRIP = NO;
				DEBUG_INFORMATION_FORMAT = dwarf;
				ENABLE_STRICT_OBJC_MSGSEND = YES;
				ENABLE_TESTABILITY = YES;
				GCC_C_LANGUAGE_STANDARD = gnu99;
				GCC_DYNAMIC_NO_PIC = NO;
				GCC_NO_COMMON_BLOCKS = YES;
				GCC_OPTIMIZATION_LEVEL = 0;
				GCC_PREPROCESSOR_DEFINITIONS = (
					"DEBUG=1",
					"$(inherited)",
				);
				GCC_WARN_64_TO_32_BIT_CONVERSION = YES;
				GCC_WARN_ABOUT_RETURN_TYPE = YES_ERROR;
				GCC_WARN_UNDECLARED_SELECTOR = YES;
				GCC_WARN_UNINITIALIZED_AUTOS = YES_AGGRESSIVE;
				GCC_WARN_UNUSED_FUNCTION = YES;
				GCC_WARN_UNUSED_VARIABLE = YES;
				IPHONEOS_DEPLOYMENT_TARGET = 10.2;
				MTL_ENABLE_DEBUG_INFO = YES;
				ONLY_ACTIVE_ARCH = YES;
				SDKROOT = iphoneos;
			};
			name = Debug;
		};
		AE63138B1E602AEE0072981B /* Release */ = {
			isa = XCBuildConfiguration;
			buildSettings = {
				ALWAYS_SEARCH_USER_PATHS = NO;
				CLANG_ANALYZER_NONNULL = YES;
				CLANG_CXX_LANGUAGE_STANDARD = "gnu++0x";
				CLANG_CXX_LIBRARY = "libc++";
				CLANG_ENABLE_MODULES = YES;
				CLANG_ENABLE_OBJC_ARC = YES;
				CLANG_WARN_BOOL_CONVERSION = YES;
				CLANG_WARN_CONSTANT_CONVERSION = YES;
				CLANG_WARN_DIRECT_OBJC_ISA_USAGE = YES_ERROR;
				CLANG_WARN_DOCUMENTATION_COMMENTS = YES;
				CLANG_WARN_EMPTY_BODY = YES;
				CLANG_WARN_ENUM_CONVERSION = YES;
				CLANG_WARN_INFINITE_RECURSION = YES;
				CLANG_WARN_INT_CONVERSION = YES;
				CLANG_WARN_OBJC_ROOT_CLASS = YES_ERROR;
				CLANG_WARN_SUSPICIOUS_MOVE = YES;
				CLANG_WARN_UNREACHABLE_CODE = YES;
				CLANG_WARN__DUPLICATE_METHOD_MATCH = YES;
				"CODE_SIGN_IDENTITY[sdk=iphoneos*]" = "iPhone Developer";
				COPY_PHASE_STRIP = NO;
				DEBUG_INFORMATION_FORMAT = "dwarf-with-dsym";
				ENABLE_NS_ASSERTIONS = NO;
				ENABLE_STRICT_OBJC_MSGSEND = YES;
				GCC_C_LANGUAGE_STANDARD = gnu99;
				GCC_NO_COMMON_BLOCKS = YES;
				GCC_WARN_64_TO_32_BIT_CONVERSION = YES;
				GCC_WARN_ABOUT_RETURN_TYPE = YES_ERROR;
				GCC_WARN_UNDECLARED_SELECTOR = YES;
				GCC_WARN_UNINITIALIZED_AUTOS = YES_AGGRESSIVE;
				GCC_WARN_UNUSED_FUNCTION = YES;
				GCC_WARN_UNUSED_VARIABLE = YES;
				IPHONEOS_DEPLOYMENT_TARGET = 10.2;
				MTL_ENABLE_DEBUG_INFO = NO;
				SDKROOT = iphoneos;
				VALIDATE_PRODUCT = YES;
			};
			name = Release;
		};
		AE63138D1E602AEE0072981B /* Debug */ = {
			isa = XCBuildConfiguration;
			buildSettings = {
				DEVELOPMENT_TEAM = 3F97CAK27B;
				IPHONEOS_DEPLOYMENT_TARGET = 8.1;
				OTHER_LDFLAGS = "-ObjC";
				PRODUCT_NAME = "$(TARGET_NAME)";
				SKIP_INSTALL = YES;
			};
			name = Debug;
		};
		AE63138E1E602AEE0072981B /* Release */ = {
			isa = XCBuildConfiguration;
			buildSettings = {
				DEVELOPMENT_TEAM = 3F97CAK27B;
				IPHONEOS_DEPLOYMENT_TARGET = 8.1;
				OTHER_LDFLAGS = "-ObjC";
				PRODUCT_NAME = "$(TARGET_NAME)";
				SKIP_INSTALL = YES;
			};
			name = Release;
		};
/* End XCBuildConfiguration section */

/* Begin XCConfigurationList section */
		AE63137E1E602AEE0072981B /* Build configuration list for PBXProject "MJRefreshLib" */ = {
			isa = XCConfigurationList;
			buildConfigurations = (
				AE63138A1E602AEE0072981B /* Debug */,
				AE63138B1E602AEE0072981B /* Release */,
			);
			defaultConfigurationIsVisible = 0;
			defaultConfigurationName = Release;
		};
		AE63138C1E602AEE0072981B /* Build configuration list for PBXNativeTarget "MJRefreshLib" */ = {
			isa = XCConfigurationList;
			buildConfigurations = (
				AE63138D1E602AEE0072981B /* Debug */,
				AE63138E1E602AEE0072981B /* Release */,
			);
			defaultConfigurationIsVisible = 0;
			defaultConfigurationName = Release;
		};
/* End XCConfigurationList section */
	};
	rootObject = AE63137B1E602AEE0072981B /* Project object */;
}
